
Microsoft Visual Studio Solution File, Format Version 12.00
# Visual Studio Version 16
VisualStudioVersion = 16.0.30406.217
MinimumVisualStudioVersion = 10.0.40219.1
Project("{FAE04EC0-301F-11D3-BF4B-00C04F79EFBC}") = "Logica", "Logica\Logica.csproj", "{E9A54673-EE15-4F11-9685-71FFEBD83C46}"
EndProject
Project("{FAE04EC0-301F-11D3-BF4B-00C04F79EFBC}") = "PresentationLayer", "PresentationLayer\PresentationLayer.csproj", "{3CD0F7CD-5155-44BB-B679-CA44D1688864}"
EndProject
Global
	GlobalSection(SolutionConfigurationPlatforms) = preSolution
		Debug|Any CPU = Debug|Any CPU
		Release|Any CPU = Release|Any CPU
	EndGlobalSection
	GlobalSection(ProjectConfigurationPlatforms) = postSolution
		{E9A54673-EE15-4F11-9685-71FFEBD83C46}.Debug|Any CPU.ActiveCfg = Debug|Any CPU
		{E9A54673-EE15-4F11-9685-71FFEBD83C46}.Debug|Any CPU.Build.0 = Debug|Any CPU
		{E9A54673-EE15-4F11-9685-71FFEBD83C46}.Release|Any CPU.ActiveCfg = Release|Any CPU
		{E9A54673-EE15-4F11-9685-71FFEBD83C46}.Release|Any CPU.Build.0 = Release|Any CPU
		{3CD0F7CD-5155-44BB-B679-CA44D1688864}.Debug|Any CPU.ActiveCfg = Debug|Any CPU
		{3CD0F7CD-5155-44BB-B679-CA44D1688864}.Debug|Any CPU.Build.0 = Debug|Any CPU
		{3CD0F7CD-5155-44BB-B679-CA44D1688864}.Release|Any CPU.ActiveCfg = Release|Any CPU
		{3CD0F7CD-5155-44BB-B679-CA44D1688864}.Release|Any CPU.Build.0 = Release|Any CPU
	EndGlobalSection
	GlobalSection(SolutionProperties) = preSolution
		HideSolutionNode = FALSE
	EndGlobalSection
	GlobalSection(ExtensibilityGlobals) = postSolution
		SolutionGuid = {F96E5DD8-574A-45C9-8FBA-04585D1BDCBA}
	EndGlobalSection
EndGlobal
